// !$*UTF8*$!
{
	archiveVersion = 1;
	classes = {
	};
	objectVersion = 50;
	objects = {

/* Begin PBXBuildFile section */
		18E63B592215408200469186 /* AppDelegate.m in Sources */ = {isa = PBXBuildFile; fileRef = 18E63B582215408200469186 /* AppDelegate.m */; };
		18E63B5C2215408200469186 /* ViewController.m in Sources */ = {isa = PBXBuildFile; fileRef = 18E63B5B2215408200469186 /* ViewController.m */; };
		18E63B5F2215408200469186 /* Main.storyboard in Resources */ = {isa = PBXBuildFile; fileRef = 18E63B5D2215408200469186 /* Main.storyboard */; };
		18E63B612215408400469186 /* Assets.xcassets in Resources */ = {isa = PBXBuildFile; fileRef = 18E63B602215408400469186 /* Assets.xcassets */; };
		18E63B642215408400469186 /* LaunchScreen.storyboard in Resources */ = {isa = PBXBuildFile; fileRef = 18E63B622215408400469186 /* LaunchScreen.storyboard */; };
		18E63B672215408400469186 /* main.m in Sources */ = {isa = PBXBuildFile; fileRef = 18E63B662215408400469186 /* main.m */; };
		18E63B712215408400469186 /* WSDemoTests.m in Sources */ = {isa = PBXBuildFile; fileRef = 18E63B702215408400469186 /* WSDemoTests.m */; };
		18E63B7C2215408400469186 /* WSDemoUITests.m in Sources */ = {isa = PBXBuildFile; fileRef = 18E63B7B2215408400469186 /* WSDemoUITests.m */; };
		18E97D00222798D4007F7DEC /* WSWebView.m in Sources */ = {isa = PBXBuildFile; fileRef = 18E97CFF222798D4007F7DEC /* WSWebView.m */; };
/* End PBXBuildFile section */

/* Begin PBXContainerItemProxy section */
		18E63B6D2215408400469186 /* PBXContainerItemProxy */ = {
			isa = PBXContainerItemProxy;
			containerPortal = 18E63B4C2215408200469186 /* Project object */;
			proxyType = 1;
			remoteGlobalIDString = 18E63B532215408200469186;
			remoteInfo = WSDemo;
		};
		18E63B782215408400469186 /* PBXContainerItemProxy */ = {
			isa = PBXContainerItemProxy;
			containerPortal = 18E63B4C2215408200469186 /* Project object */;
			proxyType = 1;
			remoteGlobalIDString = 18E63B532215408200469186;
			remoteInfo = WSDemo;
		};
/* End PBXContainerItemProxy section */

/* Begin PBXFileReference section */
		18E63B542215408200469186 /* WSDemo.app */ = {isa = PBXFileReference; explicitFileType = wrapper.application; includeInIndex = 0; path = WSDemo.app; sourceTree = BUILT_PRODUCTS_DIR; };
		18E63B572215408200469186 /* AppDelegate.h */ = {isa = PBXFileReference; lastKnownFileType = sourcecode.c.h; path = AppDelegate.h; sourceTree = "<group>"; };
		18E63B582215408200469186 /* AppDelegate.m */ = {isa = PBXFileReference; lastKnownFileType = sourcecode.c.objc; path = AppDelegate.m; sourceTree = "<group>"; };
		18E63B5A2215408200469186 /* ViewController.h */ = {isa = PBXFileReference; lastKnownFileType = sourcecode.c.h; path = ViewController.h; sourceTree = "<group>"; };
		18E63B5B2215408200469186 /* ViewController.m */ = {isa = PBXFileReference; lastKnownFileType = sourcecode.c.objc; path = ViewController.m; sourceTree = "<group>"; };
		18E63B5E2215408200469186 /* Base */ = {isa = PBXFileReference; lastKnownFileType = file.storyboard; name = Base; path = Base.lproj/Main.storyboard; sourceTree = "<group>"; };
		18E63B602215408400469186 /* Assets.xcassets */ = {isa = PBXFileReference; lastKnownFileType = folder.assetcatalog; path = Assets.xcassets; sourceTree = "<group>"; };
		18E63B632215408400469186 /* Base */ = {isa = PBXFileReference; lastKnownFileType = file.storyboard; name = Base; path = Base.lproj/LaunchScreen.storyboard; sourceTree = "<group>"; };
		18E63B652215408400469186 /* Info.plist */ = {isa = PBXFileReference; lastKnownFileType = text.plist.xml; path = Info.plist; sourceTree = "<group>"; };
		18E63B662215408400469186 /* main.m */ = {isa = PBXFileReference; lastKnownFileType = sourcecode.c.objc; path = main.m; sourceTree = "<group>"; };
		18E63B6C2215408400469186 /* WSDemoTests.xctest */ = {isa = PBXFileReference; explicitFileType = wrapper.cfbundle; includeInIndex = 0; path = WSDemoTests.xctest; sourceTree = BUILT_PRODUCTS_DIR; };
		18E63B702215408400469186 /* WSDemoTests.m */ = {isa = PBXFileReference; lastKnownFileType = sourcecode.c.objc; path = WSDemoTests.m; sourceTree = "<group>"; };
		18E63B722215408400469186 /* Info.plist */ = {isa = PBXFileReference; lastKnownFileType = text.plist.xml; path = Info.plist; sourceTree = "<group>"; };
		18E63B772215408400469186 /* WSDemoUITests.xctest */ = {isa = PBXFileReference; explicitFileType = wrapper.cfbundle; includeInIndex = 0; path = WSDemoUITests.xctest; sourceTree = BUILT_PRODUCTS_DIR; };
		18E63B7B2215408400469186 /* WSDemoUITests.m */ = {isa = PBXFileReference; lastKnownFileType = sourcecode.c.objc; path = WSDemoUITests.m; sourceTree = "<group>"; };
		18E63B7D2215408400469186 /* Info.plist */ = {isa = PBXFileReference; lastKnownFileType = text.plist.xml; path = Info.plist; sourceTree = "<group>"; };
		18E97CFE222798D4007F7DEC /* WSWebView.h */ = {isa = PBXFileReference; lastKnownFileType = sourcecode.c.h; path = WSWebView.h; sourceTree = "<group>"; };
		18E97CFF222798D4007F7DEC /* WSWebView.m */ = {isa = PBXFileReference; lastKnownFileType = sourcecode.c.objc; path = WSWebView.m; sourceTree = "<group>"; };
/* End PBXFileReference section */

/* Begin PBXFrameworksBuildPhase section */
		18E63B512215408200469186 /* Frameworks */ = {
			isa = PBXFrameworksBuildPhase;
			buildActionMask = 2147483647;
			files = (
			);
			runOnlyForDeploymentPostprocessing = 0;
		};
		18E63B692215408400469186 /* Frameworks */ = {
			isa = PBXFrameworksBuildPhase;
			buildActionMask = 2147483647;
			files = (
			);
			runOnlyForDeploymentPostprocessing = 0;
		};
		18E63B742215408400469186 /* Frameworks */ = {
			isa = PBXFrameworksBuildPhase;
			buildActionMask = 2147483647;
			files = (
			);
			runOnlyForDeploymentPostprocessing = 0;
		};
/* End PBXFrameworksBuildPhase section */

/* Begin PBXGroup section */
		18E63B4B2215408200469186 = {
			isa = PBXGroup;
			children = (
				18E63B562215408200469186 /* WSDemo */,
				18E63B6F2215408400469186 /* WSDemoTests */,
				18E63B7A2215408400469186 /* WSDemoUITests */,
				18E63B552215408200469186 /* Products */,
			);
			sourceTree = "<group>";
		};
		18E63B552215408200469186 /* Products */ = {
			isa = PBXGroup;
			children = (
				18E63B542215408200469186 /* WSDemo.app */,
				18E63B6C2215408400469186 /* WSDemoTests.xctest */,
				18E63B772215408400469186 /* WSDemoUITests.xctest */,
			);
			name = Products;
			sourceTree = "<group>";
		};
		18E63B562215408200469186 /* WSDemo */ = {
			isa = PBXGroup;
			children = (
				18E63B572215408200469186 /* AppDelegate.h */,
				18E63B582215408200469186 /* AppDelegate.m */,
				18E63B5A2215408200469186 /* ViewController.h */,
				18E63B5B2215408200469186 /* ViewController.m */,
				18E63B5D2215408200469186 /* Main.storyboard */,
				18E63B602215408400469186 /* Assets.xcassets */,
				18E63B622215408400469186 /* LaunchScreen.storyboard */,
				18E63B652215408400469186 /* Info.plist */,
				18E63B662215408400469186 /* main.m */,
				18E97CFE222798D4007F7DEC /* WSWebView.h */,
				18E97CFF222798D4007F7DEC /* WSWebView.m */,
			);
			path = WSDemo;
			sourceTree = "<group>";
		};
		18E63B6F2215408400469186 /* WSDemoTests */ = {
			isa = PBXGroup;
			children = (
				18E63B702215408400469186 /* WSDemoTests.m */,
				18E63B722215408400469186 /* Info.plist */,
			);
			path = WSDemoTests;
			sourceTree = "<group>";
		};
		18E63B7A2215408400469186 /* WSDemoUITests */ = {
			isa = PBXGroup;
			children = (
				18E63B7B2215408400469186 /* WSDemoUITests.m */,
				18E63B7D2215408400469186 /* Info.plist */,
			);
			path = WSDemoUITests;
			sourceTree = "<group>";
		};
/* End PBXGroup section */

/* Begin PBXNativeTarget section */
		18E63B532215408200469186 /* WSDemo */ = {
			isa = PBXNativeTarget;
			buildConfigurationList = 18E63B802215408400469186 /* Build configuration list for PBXNativeTarget "WSDemo" */;
			buildPhases = (
				18E63B502215408200469186 /* Sources */,
				18E63B512215408200469186 /* Frameworks */,
				18E63B522215408200469186 /* Resources */,
			);
			buildRules = (
			);
			dependencies = (
			);
			name = WSDemo;
			productName = WSDemo;
			productReference = 18E63B542215408200469186 /* WSDemo.app */;
			productType = "com.apple.product-type.application";
		};
		18E63B6B2215408400469186 /* WSDemoTests */ = {
			isa = PBXNativeTarget;
			buildConfigurationList = 18E63B832215408400469186 /* Build configuration list for PBXNativeTarget "WSDemoTests" */;
			buildPhases = (
				18E63B682215408400469186 /* Sources */,
				18E63B692215408400469186 /* Frameworks */,
				18E63B6A2215408400469186 /* Resources */,
			);
			buildRules = (
			);
			dependencies = (
				18E63B6E2215408400469186 /* PBXTargetDependency */,
			);
			name = WSDemoTests;
			productName = WSDemoTests;
			productReference = 18E63B6C2215408400469186 /* WSDemoTests.xctest */;
			productType = "com.apple.product-type.bundle.unit-test";
		};
		18E63B762215408400469186 /* WSDemoUITests */ = {
			isa = PBXNativeTarget;
			buildConfigurationList = 18E63B862215408400469186 /* Build configuration list for PBXNativeTarget "WSDemoUITests" */;
			buildPhases = (
				18E63B732215408400469186 /* Sources */,
				18E63B742215408400469186 /* Frameworks */,
				18E63B752215408400469186 /* Resources */,
			);
			buildRules = (
			);
			dependencies = (
				18E63B792215408400469186 /* PBXTargetDependency */,
			);
			name = WSDemoUITests;
			productName = WSDemoUITests;
			productReference = 18E63B772215408400469186 /* WSDemoUITests.xctest */;
			productType = "com.apple.product-type.bundle.ui-testing";
		};
/* End PBXNativeTarget section */

/* Begin PBXProject section */
		18E63B4C2215408200469186 /* Project object */ = {
			isa = PBXProject;
			attributes = {
				LastUpgradeCheck = 1010;
				ORGANIZATIONNAME = signit;
				TargetAttributes = {
					18E63B532215408200469186 = {
						CreatedOnToolsVersion = 10.1;
					};
					18E63B6B2215408400469186 = {
						CreatedOnToolsVersion = 10.1;
						TestTargetID = 18E63B532215408200469186;
					};
					18E63B762215408400469186 = {
						CreatedOnToolsVersion = 10.1;
						TestTargetID = 18E63B532215408200469186;
					};
				};
			};
			buildConfigurationList = 18E63B4F2215408200469186 /* Build configuration list for PBXProject "WSDemo" */;
			compatibilityVersion = "Xcode 9.3";
			developmentRegion = en;
			hasScannedForEncodings = 0;
			knownRegions = (
				en,
				Base,
			);
			mainGroup = 18E63B4B2215408200469186;
			productRefGroup = 18E63B552215408200469186 /* Products */;
			projectDirPath = "";
			projectRoot = "";
			targets = (
				18E63B532215408200469186 /* WSDemo */,
				18E63B6B2215408400469186 /* WSDemoTests */,
				18E63B762215408400469186 /* WSDemoUITests */,
			);
		};
/* End PBXProject section */

/* Begin PBXResourcesBuildPhase section */
		18E63B522215408200469186 /* Resources */ = {
			isa = PBXResourcesBuildPhase;
			buildActionMask = 2147483647;
			files = (
				18E63B642215408400469186 /* LaunchScreen.storyboard in Resources */,
				18E63B612215408400469186 /* Assets.xcassets in Resources */,
				18E63B5F2215408200469186 /* Main.storyboard in Resources */,
			);
			runOnlyForDeploymentPostprocessing = 0;
		};
		18E63B6A2215408400469186 /* Resources */ = {
			isa = PBXResourcesBuildPhase;
			buildActionMask = 2147483647;
			files = (
			);
			runOnlyForDeploymentPostprocessing = 0;
		};
		18E63B752215408400469186 /* Resources */ = {
			isa = PBXResourcesBuildPhase;
			buildActionMask = 2147483647;
			files = (
			);
			runOnlyForDeploymentPostprocessing = 0;
		};
/* End PBXResourcesBuildPhase section */

/* Begin PBXSourcesBuildPhase section */
		18E63B502215408200469186 /* Sources */ = {
			isa = PBXSourcesBuildPhase;
			buildActionMask = 2147483647;
			files = (
				18E63B5C2215408200469186 /* ViewController.m in Sources */,
				18E97D00222798D4007F7DEC /* WSWebView.m in Sources */,
				18E63B672215408400469186 /* main.m in Sources */,
				18E63B592215408200469186 /* AppDelegate.m in Sources */,
			);
			runOnlyForDeploymentPostprocessing = 0;
		};
		18E63B682215408400469186 /* Sources */ = {
			isa = PBXSourcesBuildPhase;
			buildActionMask = 2147483647;
			files = (
				18E63B712215408400469186 /* WSDemoTests.m in Sources */,
			);
			runOnlyForDeploymentPostprocessing = 0;
		};
		18E63B732215408400469186 /* Sources */ = {
			isa = PBXSourcesBuildPhase;
			buildActionMask = 2147483647;
			files = (
				18E63B7C2215408400469186 /* WSDemoUITests.m in Sources */,
			);
			runOnlyForDeploymentPostprocessing = 0;
		};
/* End PBXSourcesBuildPhase section */

/* Begin PBXTargetDependency section */
		18E63B6E2215408400469186 /* PBXTargetDependency */ = {
			isa = PBXTargetDependency;
			target = 18E63B532215408200469186 /* WSDemo */;
			targetProxy = 18E63B6D2215408400469186 /* PBXContainerItemProxy */;
		};
		18E63B792215408400469186 /* PBXTargetDependency */ = {
			isa = PBXTargetDependency;
			target = 18E63B532215408200469186 /* WSDemo */;
			targetProxy = 18E63B782215408400469186 /* PBXContainerItemProxy */;
		};
/* End PBXTargetDependency section */

/* Begin PBXVariantGroup section */
		18E63B5D2215408200469186 /* Main.storyboard */ = {
			isa = PBXVariantGroup;
			children = (
				18E63B5E2215408200469186 /* Base */,
			);
			name = Main.storyboard;
			sourceTree = "<group>";
		};
		18E63B622215408400469186 /* LaunchScreen.storyboard */ = {
			isa = PBXVariantGroup;
			children = (
				18E63B632215408400469186 /* Base */,
			);
			name = LaunchScreen.storyboard;
			sourceTree = "<group>";
		};
/* End PBXVariantGroup section */

/* Begin XCBuildConfiguration section */
		18E63B7E2215408400469186 /* Debug */ = {
			isa = XCBuildConfiguration;
			buildSettings = {
				ALWAYS_SEARCH_USER_PATHS = NO;
				CLANG_ANALYZER_NONNULL = YES;
				CLANG_ANALYZER_NUMBER_OBJECT_CONVERSION = YES_AGGRESSIVE;
				CLANG_CXX_LANGUAGE_STANDARD = "gnu++14";
				CLANG_CXX_LIBRARY = "libc++";
				CLANG_ENABLE_MODULES = YES;
				CLANG_ENABLE_OBJC_ARC = YES;
				CLANG_ENABLE_OBJC_WEAK = YES;
				CLANG_WARN_BLOCK_CAPTURE_AUTORELEASING = YES;
				CLANG_WARN_BOOL_CONVERSION = YES;
				CLANG_WARN_COMMA = YES;
				CLANG_WARN_CONSTANT_CONVERSION = YES;
				CLANG_WARN_DEPRECATED_OBJC_IMPLEMENTATIONS = YES;
				CLANG_WARN_DIRECT_OBJC_ISA_USAGE = YES_ERROR;
				CLANG_WARN_DOCUMENTATION_COMMENTS = YES;
				CLANG_WARN_EMPTY_BODY = YES;
				CLANG_WARN_ENUM_CONVERSION = YES;
				CLANG_WARN_INFINITE_RECURSION = YES;
				CLANG_WARN_INT_CONVERSION = YES;
				CLANG_WARN_NON_LITERAL_NULL_CONVERSION = YES;
				CLANG_WARN_OBJC_IMPLICIT_RETAIN_SELF = YES;
				CLANG_WARN_OBJC_LITERAL_CONVERSION = YES;
				CLANG_WARN_OBJC_ROOT_CLASS = YES_ERROR;
				CLANG_WARN_RANGE_LOOP_ANALYSIS = YES;
				CLANG_WARN_STRICT_PROTOTYPES = YES;
				CLANG_WARN_SUSPICIOUS_MOVE = YES;
				CLANG_WARN_UNGUARDED_AVAILABILITY = YES_AGGRESSIVE;
				CLANG_WARN_UNREACHABLE_CODE = YES;
				CLANG_WARN__DUPLICATE_METHOD_MATCH = YES;
				CODE_SIGN_IDENTITY = "iPhone Developer";
				COPY_PHASE_STRIP = NO;
				DEBUG_INFORMATION_FORMAT = dwarf;
				ENABLE_STRICT_OBJC_MSGSEND = YES;
				ENABLE_TESTABILITY = YES;
				GCC_C_LANGUAGE_STANDARD = gnu11;
				GCC_DYNAMIC_NO_PIC = NO;
				GCC_NO_COMMON_BLOCKS = YES;
				GCC_OPTIMIZATION_LEVEL = 0;
				GCC_PREPROCESSOR_DEFINITIONS = (
					"DEBUG=1",
					"$(inherited)",
				);
				GCC_WARN_64_TO_32_BIT_CONVERSION = YES;
				GCC_WARN_ABOUT_RETURN_TYPE = YES_ERROR;
				GCC_WARN_UNDECLARED_SELECTOR = YES;
				GCC_WARN_UNINITIALIZED_AUTOS = YES_AGGRESSIVE;
				GCC_WARN_UNUSED_FUNCTION = YES;
				GCC_WARN_UNUSED_VARIABLE = YES;
				IPHONEOS_DEPLOYMENT_TARGET = 12.1;
				MTL_ENABLE_DEBUG_INFO = INCLUDE_SOURCE;
				MTL_FAST_MATH = YES;
				ONLY_ACTIVE_ARCH = YES;
				SDKROOT = iphoneos;
			};
			name = Debug;
		};
		18E63B7F2215408400469186 /* Release */ = {
			isa = XCBuildConfiguration;
			buildSettings = {
				ALWAYS_SEARCH_USER_PATHS = NO;
				CLANG_ANALYZER_NONNULL = YES;
				CLANG_ANALYZER_NUMBER_OBJECT_CONVERSION = YES_AGGRESSIVE;
				CLANG_CXX_LANGUAGE_STANDARD = "gnu++14";
				CLANG_CXX_LIBRARY = "libc++";
				CLANG_ENABLE_MODULES = YES;
				CLANG_ENABLE_OBJC_ARC = YES;
				CLANG_ENABLE_OBJC_WEAK = YES;
				CLANG_WARN_BLOCK_CAPTURE_AUTORELEASING = YES;
				CLANG_WARN_BOOL_CONVERSION = YES;
				CLANG_WARN_COMMA = YES;
				CLANG_WARN_CONSTANT_CONVERSION = YES;
				CLANG_WARN_DEPRECATED_OBJC_IMPLEMENTATIONS = YES;
				CLANG_WARN_DIRECT_OBJC_ISA_USAGE = YES_ERROR;
				CLANG_WARN_DOCUMENTATION_COMMENTS = YES;
				CLANG_WARN_EMPTY_BODY = YES;
				CLANG_WARN_ENUM_CONVERSION = YES;
				CLANG_WARN_INFINITE_RECURSION = YES;
				CLANG_WARN_INT_CONVERSION = YES;
				CLANG_WARN_NON_LITERAL_NULL_CONVERSION = YES;
				CLANG_WARN_OBJC_IMPLICIT_RETAIN_SELF = YES;
				CLANG_WARN_OBJC_LITERAL_CONVERSION = YES;
				CLANG_WARN_OBJC_ROOT_CLASS = YES_ERROR;
				CLANG_WARN_RANGE_LOOP_ANALYSIS = YES;
				CLANG_WARN_STRICT_PROTOTYPES = YES;
				CLANG_WARN_SUSPICIOUS_MOVE = YES;
				CLANG_WARN_UNGUARDED_AVAILABILITY = YES_AGGRESSIVE;
				CLANG_WARN_UNREACHABLE_CODE = YES;
				CLANG_WARN__DUPLICATE_METHOD_MATCH = YES;
				CODE_SIGN_IDENTITY = "iPhone Developer";
				COPY_PHASE_STRIP = NO;
				DEBUG_INFORMATION_FORMAT = "dwarf-with-dsym";
				ENABLE_NS_ASSERTIONS = NO;
				ENABLE_STRICT_OBJC_MSGSEND = YES;
				GCC_C_LANGUAGE_STANDARD = gnu11;
				GCC_NO_COMMON_BLOCKS = YES;
				GCC_WARN_64_TO_32_BIT_CONVERSION = YES;
				GCC_WARN_ABOUT_RETURN_TYPE = YES_ERROR;
				GCC_WARN_UNDECLARED_SELECTOR = YES;
				GCC_WARN_UNINITIALIZED_AUTOS = YES_AGGRESSIVE;
				GCC_WARN_UNUSED_FUNCTION = YES;
				GCC_WARN_UNUSED_VARIABLE = YES;
				IPHONEOS_DEPLOYMENT_TARGET = 12.1;
				MTL_ENABLE_DEBUG_INFO = NO;
				MTL_FAST_MATH = YES;
				SDKROOT = iphoneos;
				VALIDATE_PRODUCT = YES;
			};
			name = Release;
		};
		18E63B812215408400469186 /* Debug */ = {
			isa = XCBuildConfiguration;
			buildSettings = {
				ASSETCATALOG_COMPILER_APPICON_NAME = AppIcon;
				CODE_SIGN_STYLE = Automatic;
				DEVELOPMENT_TEAM = S3EE9P95E7;
				INFOPLIST_FILE = WSDemo/Info.plist;
				IPHONEOS_DEPLOYMENT_TARGET = 9.0;
				LD_RUNPATH_SEARCH_PATHS = (
					"$(inherited)",
					"@executable_path/Frameworks",
				);
				PRODUCT_BUNDLE_IDENTIFIER = cn.WSDemo;
				PRODUCT_NAME = "$(TARGET_NAME)";
				TARGETED_DEVICE_FAMILY = "1,2";
			};
			name = Debug;
		};
		18E63B822215408400469186 /* Release */ = {
			isa = XCBuildConfiguration;
			buildSettings = {
				ASSETCATALOG_COMPILER_APPICON_NAME = AppIcon;
				CODE_SIGN_STYLE = Automatic;
				DEVELOPMENT_TEAM = S3EE9P95E7;
				INFOPLIST_FILE = WSDemo/Info.plist;
				IPHONEOS_DEPLOYMENT_TARGET = 9.0;
				LD_RUNPATH_SEARCH_PATHS = (
					"$(inherited)",
					"@executable_path/Frameworks",
				);
				PRODUCT_BUNDLE_IDENTIFIER = cn.WSDemo;
				PRODUCT_NAME = "$(TARGET_NAME)";
				TARGETED_DEVICE_FAMILY = "1,2";
			};
			name = Release;
		};
		18E63B842215408400469186 /* Debug */ = {
			isa = XCBuildConfiguration;
			buildSettings = {
				BUNDLE_LOADER = "$(TEST_HOST)";
				CODE_SIGN_STYLE = Automatic;
				DEVELOPMENT_TEAM = S3EE9P95E7;
				INFOPLIST_FILE = WSDemoTests/Info.plist;
				LD_RUNPATH_SEARCH_PATHS = (
					"$(inherited)",
					"@executable_path/Frameworks",
					"@loader_path/Frameworks",
				);
				PRODUCT_BUNDLE_IDENTIFIER = cn.WSDemoTests;
				PRODUCT_NAME = "$(TARGET_NAME)";
				TARGETED_DEVICE_FAMILY = "1,2";
				TEST_HOST = "$(BUILT_PRODUCTS_DIR)/WSDemo.app/WSDemo";
			};
			name = Debug;
		};
		18E63B852215408400469186 /* Release */ = {
			isa = XCBuildConfiguration;
			buildSettings = {
				BUNDLE_LOADER = "$(TEST_HOST)";
				CODE_SIGN_STYLE = Automatic;
				DEVELOPMENT_TEAM = S3EE9P95E7;
				INFOPLIST_FILE = WSDemoTests/Info.plist;
				LD_RUNPATH_SEARCH_PATHS = (
					"$(inherited)",
					"@executable_path/Frameworks",
					"@loader_path/Frameworks",
				);
				PRODUCT_BUNDLE_IDENTIFIER = cn.WSDemoTests;
				PRODUCT_NAME = "$(TARGET_NAME)";
				TARGETED_DEVICE_FAMILY = "1,2";
				TEST_HOST = "$(BUILT_PRODUCTS_DIR)/WSDemo.app/WSDemo";
			};
			name = Release;
		};
		18E63B872215408400469186 /* Debug */ = {
			isa = XCBuildConfiguration;
			buildSettings = {
				CODE_SIGN_STYLE = Automatic;
				DEVELOPMENT_TEAM = S3EE9P95E7;
				INFOPLIST_FILE = WSDemoUITests/Info.plist;
				LD_RUNPATH_SEARCH_PATHS = (
					"$(inherited)",
					"@executable_path/Frameworks",
					"@loader_path/Frameworks",
				);
				PRODUCT_BUNDLE_IDENTIFIER = cn.WSDemoUITests;
				PRODUCT_NAME = "$(TARGET_NAME)";
				TARGETED_DEVICE_FAMILY = "1,2";
				TEST_TARGET_NAME = WSDemo;
			};
			name = Debug;
		};
		18E63B882215408400469186 /* Release */ = {
			isa = XCBuildConfiguration;
			buildSettings = {
				CODE_SIGN_STYLE = Automatic;
				DEVELOPMENT_TEAM = S3EE9P95E7;
				INFOPLIST_FILE = WSDemoUITests/Info.plist;
				LD_RUNPATH_SEARCH_PATHS = (
					"$(inherited)",
					"@executable_path/Frameworks",
					"@loader_path/Frameworks",
				);
				PRODUCT_BUNDLE_IDENTIFIER = cn.WSDemoUITests;
				PRODUCT_NAME = "$(TARGET_NAME)";
				TARGETED_DEVICE_FAMILY = "1,2";
				TEST_TARGET_NAME = WSDemo;
			};
			name = Release;
		};
/* End XCBuildConfiguration section */

/* Begin XCConfigurationList section */
		18E63B4F2215408200469186 /* Build configuration list for PBXProject "WSDemo" */ = {
			isa = XCConfigurationList;
			buildConfigurations = (
				18E63B7E2215408400469186 /* Debug */,
				18E63B7F2215408400469186 /* Release */,
			);
			defaultConfigurationIsVisible = 0;
			defaultConfigurationName = Release;
		};
		18E63B802215408400469186 /* Build configuration list for PBXNativeTarget "WSDemo" */ = {
			isa = XCConfigurationList;
			buildConfigurations = (
				18E63B812215408400469186 /* Debug */,
				18E63B822215408400469186 /* Release */,
			);
			defaultConfigurationIsVisible = 0;
			defaultConfigurationName = Release;
		};
		18E63B832215408400469186 /* Build configuration list for PBXNativeTarget "WSDemoTests" */ = {
			isa = XCConfigurationList;
			buildConfigurations = (
				18E63B842215408400469186 /* Debug */,
				18E63B852215408400469186 /* Release */,
			);
			defaultConfigurationIsVisible = 0;
			defaultConfigurationName = Release;
		};
		18E63B862215408400469186 /* Build configuration list for PBXNativeTarget "WSDemoUITests" */ = {
			isa = XCConfigurationList;
			buildConfigurations = (
				18E63B872215408400469186 /* Debug */,
				18E63B882215408400469186 /* Release */,
			);
			defaultConfigurationIsVisible = 0;
			defaultConfigurationName = Release;
		};
/* End XCConfigurationList section */
	};
	rootObject = 18E63B4C2215408200469186 /* Project object */;
}
